#
# This file is autogenerated by pip-compile with Python 3.12
# by the following command:
#
#    pip-compile --allow-unsafe --output-file=ml/requirements.lock ml/requirements.in
#
--extra-index-url https://download.pytorch.org/whl/cpu

filelock==3.29.7
    # via torch
flatbuffers==25.12.19
    # via onnxruntime
fsspec==2026.6.0
    # via torch
jinja2==3.1.6
    # via torch
markupsafe==3.0.3
    # via jinja2
ml-dtypes==0.5.4
    # via onnx
mpmath==1.3.0
    # via sympy
networkx==3.6.1
    # via torch
numpy==2.4.1
    # via
    #   -r ml/requirements.in
    #   ml-dtypes
    #   onnx
    #   onnxruntime
    #   torchvision
onnx==1.22.0
    # via -r ml/requirements.in
onnxruntime==1.27.0
    # via -r ml/requirements.in
packaging==26.2
    # via onnxruntime
pillow==12.3.0
    # via torchvision
protobuf==7.35.1
    # via
    #   onnx
    #   onnxruntime
sympy==1.14.0
    # via torch
torch==2.12.1+cpu
    # via
    #   -r ml/requirements.in
    #   torchvision
torchvision==0.27.1+cpu
    # via -r ml/requirements.in
typing-extensions==4.16.0
    # via
    #   onnx
    #   torch

# The following packages are considered to be unsafe in a requirements file:
setuptools==81.0.0
    # via torch
